
Microsoft Visual Studio Solution File, Format Version 12.00
# Visual Studio 15
VisualStudioVersion = 15.0.28307.1062
MinimumVisualStudioVersion = 10.0.40219.1
Project("{FAE04EC0-301F-11D3-BF4B-00C04F79EFBC}") = "mtTools", "mtTools\mtTools.csproj", "{FF51E25C-93DE-4E67-BFE2-DEAB26107BFC}"
EndProject
Project("{9A19103F-16F7-4668-BE54-9A1E7A4F7556}") = "WebApplication1", "WebApplication1\WebApplication1.csproj", "{3666E395-F0FD-4ED5-85B2-FBBA7113C16D}"
EndProject
Project("{9A19103F-16F7-4668-BE54-9A1E7A4F7556}") = "Common", "Common\Common.csproj", "{422452C6-4455-4BE2-B181-CED844FF0496}"
EndProject
Global
	GlobalSection(SolutionConfigurationPlatforms) = preSolution
		Debug|Any CPU = Debug|Any CPU
		Release|Any CPU = Release|Any CPU
	EndGlobalSection
	GlobalSection(ProjectConfigurationPlatforms) = postSolution
		{FF51E25C-93DE-4E67-BFE2-DEAB26107BFC}.Debug|Any CPU.ActiveCfg = Debug|Any CPU
		{FF51E25C-93DE-4E67-BFE2-DEAB26107BFC}.Debug|Any CPU.Build.0 = Debug|Any CPU
		{FF51E25C-93DE-4E67-BFE2-DEAB26107BFC}.Release|Any CPU.ActiveCfg = Release|Any CPU
		{FF51E25C-93DE-4E67-BFE2-DEAB26107BFC}.Release|Any CPU.Build.0 = Release|Any CPU
		{3666E395-F0FD-4ED5-85B2-FBBA7113C16D}.Debug|Any CPU.ActiveCfg = Debug|Any CPU
		{3666E395-F0FD-4ED5-85B2-FBBA7113C16D}.Debug|Any CPU.Build.0 = Debug|Any CPU
		{3666E395-F0FD-4ED5-85B2-FBBA7113C16D}.Release|Any CPU.ActiveCfg = Release|Any CPU
		{3666E395-F0FD-4ED5-85B2-FBBA7113C16D}.Release|Any CPU.Build.0 = Release|Any CPU
		{422452C6-4455-4BE2-B181-CED844FF0496}.Debug|Any CPU.ActiveCfg = Debug|Any CPU
		{422452C6-4455-4BE2-B181-CED844FF0496}.Debug|Any CPU.Build.0 = Debug|Any CPU
		{422452C6-4455-4BE2-B181-CED844FF0496}.Release|Any CPU.ActiveCfg = Release|Any CPU
		{422452C6-4455-4BE2-B181-CED844FF0496}.Release|Any CPU.Build.0 = Release|Any CPU
	EndGlobalSection
	GlobalSection(SolutionProperties) = preSolution
		HideSolutionNode = FALSE
	EndGlobalSection
	GlobalSection(ExtensibilityGlobals) = postSolution
		SolutionGuid = {4B863D95-FD67-4C53-80BE-22CC542853C0}
	EndGlobalSection
EndGlobal
